
Microsoft Visual Studio Solution File, Format Version 12.00
# Visual Studio Version 16
VisualStudioVersion = 16.0.32126.315
MinimumVisualStudioVersion = 10.0.40219.1
Project("{FAE04EC0-301F-11D3-BF4B-00C04F79EFBC}") = "Task1", "Task1.csproj", "{B59A1B5A-00F3-47AE-A578-E03B61BE152C}"
EndProject
Global
	GlobalSection(SolutionConfigurationPlatforms) = preSolution
		Debug|Any CPU = Debug|Any CPU
		Release|Any CPU = Release|Any CPU
	EndGlobalSection
	GlobalSection(ProjectConfigurationPlatforms) = postSolution
		{B59A1B5A-00F3-47AE-A578-E03B61BE152C}.Debug|Any CPU.ActiveCfg = Debug|Any CPU
		{B59A1B5A-00F3-47AE-A578-E03B61BE152C}.Debug|Any CPU.Build.0 = Debug|Any CPU
		{B59A1B5A-00F3-47AE-A578-E03B61BE152C}.Release|Any CPU.ActiveCfg = Release|Any CPU
		{B59A1B5A-00F3-47AE-A578-E03B61BE152C}.Release|Any CPU.Build.0 = Release|Any CPU
	EndGlobalSection
	GlobalSection(SolutionProperties) = preSolution
		HideSolutionNode = FALSE
	EndGlobalSection
	GlobalSection(ExtensibilityGlobals) = postSolution
		SolutionGuid = {81D9E0CB-6BED-44A0-857F-E44D3D73EE67}
	EndGlobalSection
EndGlobal
