
Microsoft Visual Studio Solution File, Format Version 12.00
# Visual Studio Version 16
VisualStudioVersion = 16.0.32126.315
MinimumVisualStudioVersion = 10.0.40219.1
Project("{FAE04EC0-301F-11D3-BF4B-00C04F79EFBC}") = "Task3", "Task3.csproj", "{AD1DDEC1-C6D9-4926-BA6E-39290404A856}"
EndProject
Global
	GlobalSection(SolutionConfigurationPlatforms) = preSolution
		Debug|Any CPU = Debug|Any CPU
		Release|Any CPU = Release|Any CPU
	EndGlobalSection
	GlobalSection(ProjectConfigurationPlatforms) = postSolution
		{AD1DDEC1-C6D9-4926-BA6E-39290404A856}.Debug|Any CPU.ActiveCfg = Debug|Any CPU
		{AD1DDEC1-C6D9-4926-BA6E-39290404A856}.Debug|Any CPU.Build.0 = Debug|Any CPU
		{AD1DDEC1-C6D9-4926-BA6E-39290404A856}.Release|Any CPU.ActiveCfg = Release|Any CPU
		{AD1DDEC1-C6D9-4926-BA6E-39290404A856}.Release|Any CPU.Build.0 = Release|Any CPU
	EndGlobalSection
	GlobalSection(SolutionProperties) = preSolution
		HideSolutionNode = FALSE
	EndGlobalSection
	GlobalSection(ExtensibilityGlobals) = postSolution
		SolutionGuid = {66828E51-4E1D-4072-AE06-9BAB2BBEC7E1}
	EndGlobalSection
EndGlobal
