
Microsoft Visual Studio Solution File, Format Version 12.00
# Visual Studio Version 16
VisualStudioVersion = 16.0.32126.315
MinimumVisualStudioVersion = 10.0.40219.1
Project("{FAE04EC0-301F-11D3-BF4B-00C04F79EFBC}") = "Task1", "Task1.csproj", "{4ECF44B9-7B74-4834-90DC-BD4C59260EC9}"
EndProject
Global
	GlobalSection(SolutionConfigurationPlatforms) = preSolution
		Debug|Any CPU = Debug|Any CPU
		Release|Any CPU = Release|Any CPU
	EndGlobalSection
	GlobalSection(ProjectConfigurationPlatforms) = postSolution
		{4ECF44B9-7B74-4834-90DC-BD4C59260EC9}.Debug|Any CPU.ActiveCfg = Debug|Any CPU
		{4ECF44B9-7B74-4834-90DC-BD4C59260EC9}.Debug|Any CPU.Build.0 = Debug|Any CPU
		{4ECF44B9-7B74-4834-90DC-BD4C59260EC9}.Release|Any CPU.ActiveCfg = Release|Any CPU
		{4ECF44B9-7B74-4834-90DC-BD4C59260EC9}.Release|Any CPU.Build.0 = Release|Any CPU
	EndGlobalSection
	GlobalSection(SolutionProperties) = preSolution
		HideSolutionNode = FALSE
	EndGlobalSection
	GlobalSection(ExtensibilityGlobals) = postSolution
		SolutionGuid = {51F41356-ADE0-442B-9B34-D559E422CFAE}
	EndGlobalSection
EndGlobal
